
Microsoft Visual Studio Solution File, Format Version 12.00
# Visual Studio Version 16
VisualStudioVersion = 16.0.29728.190
MinimumVisualStudioVersion = 10.0.40219.1
Project("{2150E333-8FDC-42A3-9474-1A3956D46DE8}") = "src", "src", "{209AFEB3-C89F-46F8-B677-60E8A11A829D}"
EndProject
Project("{2150E333-8FDC-42A3-9474-1A3956D46DE8}") = "Application", "Application", "{18424DB1-9252-487E-9F75-50AC42A28AB0}"
EndProject
Project("{2150E333-8FDC-42A3-9474-1A3956D46DE8}") = "User", "User", "{1726431E-4733-43D8-9985-BB992D0AEB18}"
EndProject
Project("{2150E333-8FDC-42A3-9474-1A3956D46DE8}") = "Expense", "Expense", "{940AB36F-0487-4F41-871F-8ADB35B071E6}"
EndProject
Project("{2150E333-8FDC-42A3-9474-1A3956D46DE8}") = "Domain", "Domain", "{3FE177BC-75F1-48B2-BE2F-3698675D8E84}"
EndProject
Project("{2150E333-8FDC-42A3-9474-1A3956D46DE8}") = "Infrastructure", "Infrastructure", "{D3F2C50B-810D-449F-A86E-D34AD5968239}"
EndProject
Project("{9A19103F-16F7-4668-BE54-9A1E7A4F7556}") = "Expense.API", "Expense.API\Expense.API.csproj", "{B064F80A-5CF0-4580-BFA9-A721B481F41E}"
EndProject
Project("{9A19103F-16F7-4668-BE54-9A1E7A4F7556}") = "User.API", "User.API\User.API.csproj", "{00E0BD65-8918-4BBF-B08A-16374C8A85FD}"
EndProject
Project("{9A19103F-16F7-4668-BE54-9A1E7A4F7556}") = "Domain.Core", "Domain.Core\Domain.Core.csproj", "{DE91BD42-29A4-4208-954C-FB9E5FE3387F}"
EndProject
Project("{2150E333-8FDC-42A3-9474-1A3956D46DE8}") = "UserManagement", "UserManagement", "{181CF489-6D84-4473-9296-40C5480A3E5F}"
EndProject
Project("{9A19103F-16F7-4668-BE54-9A1E7A4F7556}") = "UserManagement.Domain", "User.Domain\UserManagement.Domain.csproj", "{739731EF-2940-4694-A28E-EE1A4CEE9D4E}"
EndProject
Project("{9A19103F-16F7-4668-BE54-9A1E7A4F7556}") = "UserManagement.Domain.Infraestructure", "User.Domain.Infraestructure\UserManagement.Domain.Infraestructure.csproj", "{33986677-1DED-4074-AB31-0BF8A94FD2B0}"
EndProject
Project("{9A19103F-16F7-4668-BE54-9A1E7A4F7556}") = "ExpenseManagement.Domain", "ExpenseManagement.Domain\ExpenseManagement.Domain.csproj", "{F8807DC2-D409-4079-B723-EC865633BAB1}"
EndProject
Project("{9A19103F-16F7-4668-BE54-9A1E7A4F7556}") = "ExpenseManagement.Domain.Infraestructure", "ExpenseManagement.Domain.Infraestructure\ExpenseManagement.Domain.Infraestructure.csproj", "{08B7DDEF-C53F-4891-8982-F1F9FF1865D4}"
EndProject
Project("{2150E333-8FDC-42A3-9474-1A3956D46DE8}") = "ExpenseManagement", "ExpenseManagement", "{19AED932-7821-4FC6-A920-E85B6A9CDEF4}"
EndProject
Global
	GlobalSection(SolutionConfigurationPlatforms) = preSolution
		Debug|Any CPU = Debug|Any CPU
		Release|Any CPU = Release|Any CPU
	EndGlobalSection
	GlobalSection(ProjectConfigurationPlatforms) = postSolution
		{B064F80A-5CF0-4580-BFA9-A721B481F41E}.Debug|Any CPU.ActiveCfg = Debug|Any CPU
		{B064F80A-5CF0-4580-BFA9-A721B481F41E}.Debug|Any CPU.Build.0 = Debug|Any CPU
		{B064F80A-5CF0-4580-BFA9-A721B481F41E}.Release|Any CPU.ActiveCfg = Release|Any CPU
		{B064F80A-5CF0-4580-BFA9-A721B481F41E}.Release|Any CPU.Build.0 = Release|Any CPU
		{00E0BD65-8918-4BBF-B08A-16374C8A85FD}.Debug|Any CPU.ActiveCfg = Debug|Any CPU
		{00E0BD65-8918-4BBF-B08A-16374C8A85FD}.Debug|Any CPU.Build.0 = Debug|Any CPU
		{00E0BD65-8918-4BBF-B08A-16374C8A85FD}.Release|Any CPU.ActiveCfg = Release|Any CPU
		{00E0BD65-8918-4BBF-B08A-16374C8A85FD}.Release|Any CPU.Build.0 = Release|Any CPU
		{DE91BD42-29A4-4208-954C-FB9E5FE3387F}.Debug|Any CPU.ActiveCfg = Debug|Any CPU
		{DE91BD42-29A4-4208-954C-FB9E5FE3387F}.Debug|Any CPU.Build.0 = Debug|Any CPU
		{DE91BD42-29A4-4208-954C-FB9E5FE3387F}.Release|Any CPU.ActiveCfg = Release|Any CPU
		{DE91BD42-29A4-4208-954C-FB9E5FE3387F}.Release|Any CPU.Build.0 = Release|Any CPU
		{739731EF-2940-4694-A28E-EE1A4CEE9D4E}.Debug|Any CPU.ActiveCfg = Debug|Any CPU
		{739731EF-2940-4694-A28E-EE1A4CEE9D4E}.Debug|Any CPU.Build.0 = Debug|Any CPU
		{739731EF-2940-4694-A28E-EE1A4CEE9D4E}.Release|Any CPU.ActiveCfg = Release|Any CPU
		{739731EF-2940-4694-A28E-EE1A4CEE9D4E}.Release|Any CPU.Build.0 = Release|Any CPU
		{33986677-1DED-4074-AB31-0BF8A94FD2B0}.Debug|Any CPU.ActiveCfg = Debug|Any CPU
		{33986677-1DED-4074-AB31-0BF8A94FD2B0}.Debug|Any CPU.Build.0 = Debug|Any CPU
		{33986677-1DED-4074-AB31-0BF8A94FD2B0}.Release|Any CPU.ActiveCfg = Release|Any CPU
		{33986677-1DED-4074-AB31-0BF8A94FD2B0}.Release|Any CPU.Build.0 = Release|Any CPU
		{F8807DC2-D409-4079-B723-EC865633BAB1}.Debug|Any CPU.ActiveCfg = Debug|Any CPU
		{F8807DC2-D409-4079-B723-EC865633BAB1}.Debug|Any CPU.Build.0 = Debug|Any CPU
		{F8807DC2-D409-4079-B723-EC865633BAB1}.Release|Any CPU.ActiveCfg = Release|Any CPU
		{F8807DC2-D409-4079-B723-EC865633BAB1}.Release|Any CPU.Build.0 = Release|Any CPU
		{08B7DDEF-C53F-4891-8982-F1F9FF1865D4}.Debug|Any CPU.ActiveCfg = Debug|Any CPU
		{08B7DDEF-C53F-4891-8982-F1F9FF1865D4}.Debug|Any CPU.Build.0 = Debug|Any CPU
		{08B7DDEF-C53F-4891-8982-F1F9FF1865D4}.Release|Any CPU.ActiveCfg = Release|Any CPU
		{08B7DDEF-C53F-4891-8982-F1F9FF1865D4}.Release|Any CPU.Build.0 = Release|Any CPU
	EndGlobalSection
	GlobalSection(SolutionProperties) = preSolution
		HideSolutionNode = FALSE
	EndGlobalSection
	GlobalSection(NestedProjects) = preSolution
		{18424DB1-9252-487E-9F75-50AC42A28AB0} = {209AFEB3-C89F-46F8-B677-60E8A11A829D}
		{1726431E-4733-43D8-9985-BB992D0AEB18} = {18424DB1-9252-487E-9F75-50AC42A28AB0}
		{940AB36F-0487-4F41-871F-8ADB35B071E6} = {18424DB1-9252-487E-9F75-50AC42A28AB0}
		{3FE177BC-75F1-48B2-BE2F-3698675D8E84} = {209AFEB3-C89F-46F8-B677-60E8A11A829D}
		{D3F2C50B-810D-449F-A86E-D34AD5968239} = {3FE177BC-75F1-48B2-BE2F-3698675D8E84}
		{B064F80A-5CF0-4580-BFA9-A721B481F41E} = {940AB36F-0487-4F41-871F-8ADB35B071E6}
		{00E0BD65-8918-4BBF-B08A-16374C8A85FD} = {1726431E-4733-43D8-9985-BB992D0AEB18}
		{DE91BD42-29A4-4208-954C-FB9E5FE3387F} = {3FE177BC-75F1-48B2-BE2F-3698675D8E84}
		{181CF489-6D84-4473-9296-40C5480A3E5F} = {3FE177BC-75F1-48B2-BE2F-3698675D8E84}
		{739731EF-2940-4694-A28E-EE1A4CEE9D4E} = {181CF489-6D84-4473-9296-40C5480A3E5F}
		{33986677-1DED-4074-AB31-0BF8A94FD2B0} = {D3F2C50B-810D-449F-A86E-D34AD5968239}
		{F8807DC2-D409-4079-B723-EC865633BAB1} = {19AED932-7821-4FC6-A920-E85B6A9CDEF4}
		{08B7DDEF-C53F-4891-8982-F1F9FF1865D4} = {D3F2C50B-810D-449F-A86E-D34AD5968239}
		{19AED932-7821-4FC6-A920-E85B6A9CDEF4} = {3FE177BC-75F1-48B2-BE2F-3698675D8E84}
	EndGlobalSection
	GlobalSection(ExtensibilityGlobals) = postSolution
		SolutionGuid = {859B3DBB-EF35-4EF0-8E0A-9AC7ADA9AB39}
	EndGlobalSection
EndGlobal
